version = 1
revision = 3
requires-python = "==3.14.*"

[[package]]
name = "alpha93"
version = "0.2.0"
source = { directory = "../alpha93" }

[[package]]
name = "anyio"
version = "4.13.0"
source = { registry = "https://pypi.org/simple" }
dependencies = [
    { name = "idna" },
]
sdist = { url = "https://files.pythonhosted.org/packages/19/14/2c5dd9f512b66549ae92767a9c7b330ae88e1932ca57876909410251fe13/anyio-4.13.0.tar.gz", hash = "sha256:334b70e641fd2221c1505b3890c69882fe4a2df910cba14d97019b90b24439dc", size = 231622, upload-time = "2026-03-24T12:59:09.671Z" }
wheels = [
    { url = "https://files.pythonhosted.org/packages/da/42/e921fccf5015463e32a3cf6ee7f980a6ed0f395ceeaa45060b61d86486c2/anyio-4.13.0-py3-none-any.whl", hash = "sha256:08b310f9e24a9594186fd75b4f73f4a4152069e3853f1ed8bfbf58369f4ad708", size = 114353, upload-time = "2026-03-24T12:59:08.246Z" },
]

[[package]]
name = "idna"
version = "3.13"
source = { registry = "https://pypi.org/simple" }
sdist = { url = "https://files.pythonhosted.org/packages/ce/cc/762dfb036166873f0059f3b7de4565e1b5bc3d6f28a414c13da27e442f99/idna-3.13.tar.gz", hash = "sha256:585ea8fe5d69b9181ec1afba340451fba6ba764af97026f92a91d4eef164a242", size = 194210, upload-time = "2026-04-22T16:42:42.314Z" }
wheels = [
    { url = "https://files.pythonhosted.org/packages/5d/13/ad7d7ca3808a898b4612b6fe93cde56b53f3034dcde235acb1f0e1df24c6/idna-3.13-py3-none-any.whl", hash = "sha256:892ea0cde124a99ce773decba204c5552b69c3c67ffd5f232eb7696135bc8bb3", size = 68629, upload-time = "2026-04-22T16:42:40.909Z" },
]

[[package]]
name = "starlette"
source = { directory = "work/patched" }
dependencies = [
    { name = "anyio" },
]

[package.metadata]
requires-dist = [
    { name = "anyio", specifier = ">=3.6.2,<5" },
    { name = "httpx", marker = "extra == 'full'", specifier = ">=0.27.0,<0.29.0" },
    { name = "itsdangerous", marker = "extra == 'full'" },
    { name = "jinja2", marker = "extra == 'full'" },
    { name = "python-multipart", marker = "extra == 'full'", specifier = ">=0.0.18" },
    { name = "pyyaml", marker = "extra == 'full'" },
    { name = "typing-extensions", marker = "python_full_version < '3.13'", specifier = ">=4.10.0" },
]
provides-extras = ["full"]

[package.metadata.requires-dev]
dev = [
    { name = "coverage", specifier = ">=7.8.2" },
    { name = "importlib-metadata", specifier = "==8.7.1" },
    { name = "mypy", specifier = "==1.16.1" },
    { name = "pytest", specifier = "==9.0.2" },
    { name = "ruff", specifier = "==0.15.4" },
    { name = "starlette", extras = ["full"] },
    { name = "trio", specifier = "==0.33.0" },
    { name = "twine", specifier = "==6.2.0" },
    { name = "types-pyyaml", specifier = "==6.0.12.20250516" },
]
docs = [
    { name = "black", specifier = "==26.3.1" },
    { name = "mkdocstrings", specifier = ">=1.0.2" },
    { name = "mkdocstrings-python", specifier = ">=2.0.1" },
    { name = "zensical", specifier = ">=0.0.19" },
]

[[package]]
name = "starlette-minimal"
source = { editable = "." }
dependencies = [
    { name = "alpha93" },
    { name = "anyio" },
]

[package.dev-dependencies]
dev = [
    { name = "starlette" },
]

[package.metadata]
requires-dist = [
    { name = "alpha93", directory = "../alpha93" },
    { name = "anyio", specifier = ">=4.13.0" },
]

[package.metadata.requires-dev]
dev = [{ name = "starlette", directory = "work/patched" }]
